
Microsoft Visual Studio Solution File, Format Version 12.00
# Visual Studio Version 17
VisualStudioVersion = 17.0.31903.59
MinimumVisualStudioVersion = 10.0.40219.1
Project("{2150E333-8FDC-42A3-9474-1A3956D46DE8}") = "src", "src", "{827E0CD3-B72D-47B6-A68D-7590B98EB39B}"
EndProject
Project("{FAE04EC0-301F-11D3-BF4B-00C04F79EFBC}") = "ECommerceFurniture.Domain", "src\ECommerceFurniture.Domain\ECommerceFurniture.Domain.csproj", "{8708EAEC-0F70-45FF-9FEE-368470A018F5}"
EndProject
Project("{FAE04EC0-301F-11D3-BF4B-00C04F79EFBC}") = "ECommerceFurniture.Repository", "src\ECommerceFurniture.Repository\ECommerceFurniture.Repository.csproj", "{C088BD67-500E-4A67-909A-9D05DDDC6FB6}"
EndProject
Project("{FAE04EC0-301F-11D3-BF4B-00C04F79EFBC}") = "ECommerceFurniture.DataAccess", "src\ECommerceFurniture.DataAccess\ECommerceFurniture.DataAccess.csproj", "{4E6FD60C-E443-4034-B8DF-2BF77D181B82}"
EndProject
Project("{FAE04EC0-301F-11D3-BF4B-00C04F79EFBC}") = "ECommerceFurniture.Business", "src\ECommerceFurniture.Business\ECommerceFurniture.Business.csproj", "{8485F598-B861-4AEF-BBF8-ED550FA1422D}"
EndProject
Project("{FAE04EC0-301F-11D3-BF4B-00C04F79EFBC}") = "ECommerceFurniture.WebAPI", "src\ECommerceFurniture.WebAPI\ECommerceFurniture.WebAPI.csproj", "{E37C43AF-A637-417B-8621-C53F76761A45}"
EndProject
Project("{2150E333-8FDC-42A3-9474-1A3956D46DE8}") = "tests", "tests", "{0AB3BF05-4346-4AA6-1389-037BE0695223}"
EndProject
Project("{FAE04EC0-301F-11D3-BF4B-00C04F79EFBC}") = "ECommerceFurniture.Business.Tests", "tests\ECommerceFurniture.Business.Tests\ECommerceFurniture.Business.Tests.csproj", "{A2C1E92E-8191-4546-B264-7447845053A2}"
EndProject
Project("{FAE04EC0-301F-11D3-BF4B-00C04F79EFBC}") = "ECommerceFurniture.Repository.Tests", "tests\ECommerceFurniture.Repository.Tests\ECommerceFurniture.Repository.Tests.csproj", "{D626D317-D4B2-4744-AC55-8861379A10BC}"
EndProject
Project("{FAE04EC0-301F-11D3-BF4B-00C04F79EFBC}") = "ECommerceFurniture.WebAPI.Tests", "tests\ECommerceFurniture.WebAPI.Tests\ECommerceFurniture.WebAPI.Tests.csproj", "{BE38062C-6FF3-482D-B837-85A8A60325CC}"
EndProject
Global
	GlobalSection(SolutionConfigurationPlatforms) = preSolution
		Debug|Any CPU = Debug|Any CPU
		Debug|x64 = Debug|x64
		Debug|x86 = Debug|x86
		Release|Any CPU = Release|Any CPU
		Release|x64 = Release|x64
		Release|x86 = Release|x86
	EndGlobalSection
	GlobalSection(ProjectConfigurationPlatforms) = postSolution
		{8708EAEC-0F70-45FF-9FEE-368470A018F5}.Debug|Any CPU.ActiveCfg = Debug|Any CPU
		{8708EAEC-0F70-45FF-9FEE-368470A018F5}.Debug|Any CPU.Build.0 = Debug|Any CPU
		{8708EAEC-0F70-45FF-9FEE-368470A018F5}.Debug|x64.ActiveCfg = Debug|Any CPU
		{8708EAEC-0F70-45FF-9FEE-368470A018F5}.Debug|x64.Build.0 = Debug|Any CPU
		{8708EAEC-0F70-45FF-9FEE-368470A018F5}.Debug|x86.ActiveCfg = Debug|Any CPU
		{8708EAEC-0F70-45FF-9FEE-368470A018F5}.Debug|x86.Build.0 = Debug|Any CPU
		{8708EAEC-0F70-45FF-9FEE-368470A018F5}.Release|Any CPU.ActiveCfg = Release|Any CPU
		{8708EAEC-0F70-45FF-9FEE-368470A018F5}.Release|Any CPU.Build.0 = Release|Any CPU
		{8708EAEC-0F70-45FF-9FEE-368470A018F5}.Release|x64.ActiveCfg = Release|Any CPU
		{8708EAEC-0F70-45FF-9FEE-368470A018F5}.Release|x64.Build.0 = Release|Any CPU
		{8708EAEC-0F70-45FF-9FEE-368470A018F5}.Release|x86.ActiveCfg = Release|Any CPU
		{8708EAEC-0F70-45FF-9FEE-368470A018F5}.Release|x86.Build.0 = Release|Any CPU
		{C088BD67-500E-4A67-909A-9D05DDDC6FB6}.Debug|Any CPU.ActiveCfg = Debug|Any CPU
		{C088BD67-500E-4A67-909A-9D05DDDC6FB6}.Debug|Any CPU.Build.0 = Debug|Any CPU
		{C088BD67-500E-4A67-909A-9D05DDDC6FB6}.Debug|x64.ActiveCfg = Debug|Any CPU
		{C088BD67-500E-4A67-909A-9D05DDDC6FB6}.Debug|x64.Build.0 = Debug|Any CPU
		{C088BD67-500E-4A67-909A-9D05DDDC6FB6}.Debug|x86.ActiveCfg = Debug|Any CPU
		{C088BD67-500E-4A67-909A-9D05DDDC6FB6}.Debug|x86.Build.0 = Debug|Any CPU
		{C088BD67-500E-4A67-909A-9D05DDDC6FB6}.Release|Any CPU.ActiveCfg = Release|Any CPU
		{C088BD67-500E-4A67-909A-9D05DDDC6FB6}.Release|Any CPU.Build.0 = Release|Any CPU
		{C088BD67-500E-4A67-909A-9D05DDDC6FB6}.Release|x64.ActiveCfg = Release|Any CPU
		{C088BD67-500E-4A67-909A-9D05DDDC6FB6}.Release|x64.Build.0 = Release|Any CPU
		{C088BD67-500E-4A67-909A-9D05DDDC6FB6}.Release|x86.ActiveCfg = Release|Any CPU
		{C088BD67-500E-4A67-909A-9D05DDDC6FB6}.Release|x86.Build.0 = Release|Any CPU
		{4E6FD60C-E443-4034-B8DF-2BF77D181B82}.Debug|Any CPU.ActiveCfg = Debug|Any CPU
		{4E6FD60C-E443-4034-B8DF-2BF77D181B82}.Debug|Any CPU.Build.0 = Debug|Any CPU
		{4E6FD60C-E443-4034-B8DF-2BF77D181B82}.Debug|x64.ActiveCfg = Debug|Any CPU
		{4E6FD60C-E443-4034-B8DF-2BF77D181B82}.Debug|x64.Build.0 = Debug|Any CPU
		{4E6FD60C-E443-4034-B8DF-2BF77D181B82}.Debug|x86.ActiveCfg = Debug|Any CPU
		{4E6FD60C-E443-4034-B8DF-2BF77D181B82}.Debug|x86.Build.0 = Debug|Any CPU
		{4E6FD60C-E443-4034-B8DF-2BF77D181B82}.Release|Any CPU.ActiveCfg = Release|Any CPU
		{4E6FD60C-E443-4034-B8DF-2BF77D181B82}.Release|Any CPU.Build.0 = Release|Any CPU
		{4E6FD60C-E443-4034-B8DF-2BF77D181B82}.Release|x64.ActiveCfg = Release|Any CPU
		{4E6FD60C-E443-4034-B8DF-2BF77D181B82}.Release|x64.Build.0 = Release|Any CPU
		{4E6FD60C-E443-4034-B8DF-2BF77D181B82}.Release|x86.ActiveCfg = Release|Any CPU
		{4E6FD60C-E443-4034-B8DF-2BF77D181B82}.Release|x86.Build.0 = Release|Any CPU
		{8485F598-B861-4AEF-BBF8-ED550FA1422D}.Debug|Any CPU.ActiveCfg = Debug|Any CPU
		{8485F598-B861-4AEF-BBF8-ED550FA1422D}.Debug|Any CPU.Build.0 = Debug|Any CPU
		{8485F598-B861-4AEF-BBF8-ED550FA1422D}.Debug|x64.ActiveCfg = Debug|Any CPU
		{8485F598-B861-4AEF-BBF8-ED550FA1422D}.Debug|x64.Build.0 = Debug|Any CPU
		{8485F598-B861-4AEF-BBF8-ED550FA1422D}.Debug|x86.ActiveCfg = Debug|Any CPU
		{8485F598-B861-4AEF-BBF8-ED550FA1422D}.Debug|x86.Build.0 = Debug|Any CPU
		{8485F598-B861-4AEF-BBF8-ED550FA1422D}.Release|Any CPU.ActiveCfg = Release|Any CPU
		{8485F598-B861-4AEF-BBF8-ED550FA1422D}.Release|Any CPU.Build.0 = Release|Any CPU
		{8485F598-B861-4AEF-BBF8-ED550FA1422D}.Release|x64.ActiveCfg = Release|Any CPU
		{8485F598-B861-4AEF-BBF8-ED550FA1422D}.Release|x64.Build.0 = Release|Any CPU
		{8485F598-B861-4AEF-BBF8-ED550FA1422D}.Release|x86.ActiveCfg = Release|Any CPU
		{8485F598-B861-4AEF-BBF8-ED550FA1422D}.Release|x86.Build.0 = Release|Any CPU
		{E37C43AF-A637-417B-8621-C53F76761A45}.Debug|Any CPU.ActiveCfg = Debug|Any CPU
		{E37C43AF-A637-417B-8621-C53F76761A45}.Debug|Any CPU.Build.0 = Debug|Any CPU
		{E37C43AF-A637-417B-8621-C53F76761A45}.Debug|x64.ActiveCfg = Debug|Any CPU
		{E37C43AF-A637-417B-8621-C53F76761A45}.Debug|x64.Build.0 = Debug|Any CPU
		{E37C43AF-A637-417B-8621-C53F76761A45}.Debug|x86.ActiveCfg = Debug|Any CPU
		{E37C43AF-A637-417B-8621-C53F76761A45}.Debug|x86.Build.0 = Debug|Any CPU
		{E37C43AF-A637-417B-8621-C53F76761A45}.Release|Any CPU.ActiveCfg = Release|Any CPU
		{E37C43AF-A637-417B-8621-C53F76761A45}.Release|Any CPU.Build.0 = Release|Any CPU
		{E37C43AF-A637-417B-8621-C53F76761A45}.Release|x64.ActiveCfg = Release|Any CPU
		{E37C43AF-A637-417B-8621-C53F76761A45}.Release|x64.Build.0 = Release|Any CPU
		{E37C43AF-A637-417B-8621-C53F76761A45}.Release|x86.ActiveCfg = Release|Any CPU
		{E37C43AF-A637-417B-8621-C53F76761A45}.Release|x86.Build.0 = Release|Any CPU
		{A2C1E92E-8191-4546-B264-7447845053A2}.Debug|Any CPU.ActiveCfg = Debug|Any CPU
		{A2C1E92E-8191-4546-B264-7447845053A2}.Debug|Any CPU.Build.0 = Debug|Any CPU
		{A2C1E92E-8191-4546-B264-7447845053A2}.Debug|x64.ActiveCfg = Debug|Any CPU
		{A2C1E92E-8191-4546-B264-7447845053A2}.Debug|x64.Build.0 = Debug|Any CPU
		{A2C1E92E-8191-4546-B264-7447845053A2}.Debug|x86.ActiveCfg = Debug|Any CPU
		{A2C1E92E-8191-4546-B264-7447845053A2}.Debug|x86.Build.0 = Debug|Any CPU
		{A2C1E92E-8191-4546-B264-7447845053A2}.Release|Any CPU.ActiveCfg = Release|Any CPU
		{A2C1E92E-8191-4546-B264-7447845053A2}.Release|Any CPU.Build.0 = Release|Any CPU
		{A2C1E92E-8191-4546-B264-7447845053A2}.Release|x64.ActiveCfg = Release|Any CPU
		{A2C1E92E-8191-4546-B264-7447845053A2}.Release|x64.Build.0 = Release|Any CPU
		{A2C1E92E-8191-4546-B264-7447845053A2}.Release|x86.ActiveCfg = Release|Any CPU
		{A2C1E92E-8191-4546-B264-7447845053A2}.Release|x86.Build.0 = Release|Any CPU
		{D626D317-D4B2-4744-AC55-8861379A10BC}.Debug|Any CPU.ActiveCfg = Debug|Any CPU
		{D626D317-D4B2-4744-AC55-8861379A10BC}.Debug|Any CPU.Build.0 = Debug|Any CPU
		{D626D317-D4B2-4744-AC55-8861379A10BC}.Debug|x64.ActiveCfg = Debug|Any CPU
		{D626D317-D4B2-4744-AC55-8861379A10BC}.Debug|x64.Build.0 = Debug|Any CPU
		{D626D317-D4B2-4744-AC55-8861379A10BC}.Debug|x86.ActiveCfg = Debug|Any CPU
		{D626D317-D4B2-4744-AC55-8861379A10BC}.Debug|x86.Build.0 = Debug|Any CPU
		{D626D317-D4B2-4744-AC55-8861379A10BC}.Release|Any CPU.ActiveCfg = Release|Any CPU
		{D626D317-D4B2-4744-AC55-8861379A10BC}.Release|Any CPU.Build.0 = Release|Any CPU
		{D626D317-D4B2-4744-AC55-8861379A10BC}.Release|x64.ActiveCfg = Release|Any CPU
		{D626D317-D4B2-4744-AC55-8861379A10BC}.Release|x64.Build.0 = Release|Any CPU
		{D626D317-D4B2-4744-AC55-8861379A10BC}.Release|x86.ActiveCfg = Release|Any CPU
		{D626D317-D4B2-4744-AC55-8861379A10BC}.Release|x86.Build.0 = Release|Any CPU
		{BE38062C-6FF3-482D-B837-85A8A60325CC}.Debug|Any CPU.ActiveCfg = Debug|Any CPU
		{BE38062C-6FF3-482D-B837-85A8A60325CC}.Debug|Any CPU.Build.0 = Debug|Any CPU
		{BE38062C-6FF3-482D-B837-85A8A60325CC}.Debug|x64.ActiveCfg = Debug|Any CPU
		{BE38062C-6FF3-482D-B837-85A8A60325CC}.Debug|x64.Build.0 = Debug|Any CPU
		{BE38062C-6FF3-482D-B837-85A8A60325CC}.Debug|x86.ActiveCfg = Debug|Any CPU
		{BE38062C-6FF3-482D-B837-85A8A60325CC}.Debug|x86.Build.0 = Debug|Any CPU
		{BE38062C-6FF3-482D-B837-85A8A60325CC}.Release|Any CPU.ActiveCfg = Release|Any CPU
		{BE38062C-6FF3-482D-B837-85A8A60325CC}.Release|Any CPU.Build.0 = Release|Any CPU
		{BE38062C-6FF3-482D-B837-85A8A60325CC}.Release|x64.ActiveCfg = Release|Any CPU
		{BE38062C-6FF3-482D-B837-85A8A60325CC}.Release|x64.Build.0 = Release|Any CPU
		{BE38062C-6FF3-482D-B837-85A8A60325CC}.Release|x86.ActiveCfg = Release|Any CPU
		{BE38062C-6FF3-482D-B837-85A8A60325CC}.Release|x86.Build.0 = Release|Any CPU
	EndGlobalSection
	GlobalSection(SolutionProperties) = preSolution
		HideSolutionNode = FALSE
	EndGlobalSection
	GlobalSection(NestedProjects) = preSolution
		{8708EAEC-0F70-45FF-9FEE-368470A018F5} = {827E0CD3-B72D-47B6-A68D-7590B98EB39B}
		{C088BD67-500E-4A67-909A-9D05DDDC6FB6} = {827E0CD3-B72D-47B6-A68D-7590B98EB39B}
		{4E6FD60C-E443-4034-B8DF-2BF77D181B82} = {827E0CD3-B72D-47B6-A68D-7590B98EB39B}
		{8485F598-B861-4AEF-BBF8-ED550FA1422D} = {827E0CD3-B72D-47B6-A68D-7590B98EB39B}
		{E37C43AF-A637-417B-8621-C53F76761A45} = {827E0CD3-B72D-47B6-A68D-7590B98EB39B}
		{A2C1E92E-8191-4546-B264-7447845053A2} = {0AB3BF05-4346-4AA6-1389-037BE0695223}
		{D626D317-D4B2-4744-AC55-8861379A10BC} = {0AB3BF05-4346-4AA6-1389-037BE0695223}
		{BE38062C-6FF3-482D-B837-85A8A60325CC} = {0AB3BF05-4346-4AA6-1389-037BE0695223}
	EndGlobalSection
EndGlobal
